<?xml version="1.0" encoding="utf-8"?>
<Project ToolsVersion="4.0" xmlns="http://schemas.microsoft.com/developer/msbuild/2003">
  <ItemGroup>
    <Filter Include="Main">
      <UniqueIdentifier>{4FC737F1-C7A5-4376-A066-2A32D752A2FF}</UniqueIdentifier>
      <Extensions>cpp;c;cc;cxx;c++;cppm;ixx;def;odl;idl;hpj;bat;asm;asmx</Extensions>
    </Filter>
    <Filter Include="Asio">
      <UniqueIdentifier>{d52bdba4-60f3-4ea1-aa61-8c22da1da207}</UniqueIdentifier>
    </Filter>
    <Filter Include="Temp">
      <UniqueIdentifier>{727abbc1-d9a7-4091-b7ba-9e1b7268ad4b}</UniqueIdentifier>
    </Filter>
  </ItemGroup>
  <ItemGroup>
    <ClCompile Include="main.cpp">
      <Filter>Main</Filter>
    </ClCompile>
    <ClCompile Include="Server.cpp">
      <Filter>Asio</Filter>
    </ClCompile>
    <ClCompile Include="SessionManager.cpp">
      <Filter>Asio</Filter>
    </ClCompile>
    <ClCompile Include="Session.cpp">
      <Filter>Asio</Filter>
    </ClCompile>
  </ItemGroup>
  <ItemGroup>
    <ClInclude Include="Server.h">
      <Filter>Asio</Filter>
    </ClInclude>
    <ClInclude Include="SessionManager.h">
      <Filter>Asio</Filter>
    </ClInclude>
    <ClInclude Include="Session.h">
      <Filter>Asio</Filter>
    </ClInclude>
  </ItemGroup>
</Project>